
Microsoft Visual Studio Solution File, Format Version 12.00
# Visual Studio Version 17
VisualStudioVersion = 17.3.32929.385
MinimumVisualStudioVersion = 10.0.40219.1
Project("{FAE04EC0-301F-11D3-BF4B-00C04F79EFBC}") = "Практическая1", "Практическая1\Практическая1.csproj", "{476637EC-05F7-4ADF-81C7-E3F54B08CF41}"
EndProject
Global
	GlobalSection(SolutionConfigurationPlatforms) = preSolution
		Debug|Any CPU = Debug|Any CPU
		Release|Any CPU = Release|Any CPU
	EndGlobalSection
	GlobalSection(ProjectConfigurationPlatforms) = postSolution
		{476637EC-05F7-4ADF-81C7-E3F54B08CF41}.Debug|Any CPU.ActiveCfg = Debug|Any CPU
		{476637EC-05F7-4ADF-81C7-E3F54B08CF41}.Debug|Any CPU.Build.0 = Debug|Any CPU
		{476637EC-05F7-4ADF-81C7-E3F54B08CF41}.Release|Any CPU.ActiveCfg = Release|Any CPU
		{476637EC-05F7-4ADF-81C7-E3F54B08CF41}.Release|Any CPU.Build.0 = Release|Any CPU
	EndGlobalSection
	GlobalSection(SolutionProperties) = preSolution
		HideSolutionNode = FALSE
	EndGlobalSection
	GlobalSection(ExtensibilityGlobals) = postSolution
		SolutionGuid = {A8B8EBC1-5FAA-4B11-A7E7-108EC8076F6C}
	EndGlobalSection
EndGlobal
